# THIS IS AN AUTOGENERATED FILE. DO NOT EDIT THIS FILE DIRECTLY.
# yarn lockfile v1


eslint-config-google@^0.9.1:
  version "0.9.1"
  resolved "https://registry.yarnpkg.com/eslint-config-google/-/eslint-config-google-0.9.1.tgz#83353c3dba05f72bb123169a4094f4ff120391eb"

eslint-config-xo-space@^0.16.0:
  version "0.16.0"
  resolved "https://registry.yarnpkg.com/eslint-config-xo-space/-/eslint-config-xo-space-0.16.0.tgz#5241a8adfaafec53a6f2236da5f9d6a41c5ff84d"
  dependencies:
    eslint-config-xo "^0.18.0"

eslint-config-xo@^0.18.0:
  version "0.18.2"
  resolved "https://registry.yarnpkg.com/eslint-config-xo/-/eslint-config-xo-0.18.2.tgz#0a157120875619929e735ffd6b185c41e8a187af"
